
Microsoft Visual Studio Solution File, Format Version 12.00
# Visual Studio 15
VisualStudioVersion = 15.0.28307.271
MinimumVisualStudioVersion = 10.0.40219.1
Project("{FAE04EC0-301F-11D3-BF4B-00C04F79EFBC}") = "Multithreads1", "Multithreads1\Multithreads1.csproj", "{57508F66-B8D6-4EE9-868B-262CA43C4887}"
EndProject
Global
	GlobalSection(SolutionConfigurationPlatforms) = preSolution
		Debug|Any CPU = Debug|Any CPU
		Release|Any CPU = Release|Any CPU
	EndGlobalSection
	GlobalSection(ProjectConfigurationPlatforms) = postSolution
		{57508F66-B8D6-4EE9-868B-262CA43C4887}.Debug|Any CPU.ActiveCfg = Debug|Any CPU
		{57508F66-B8D6-4EE9-868B-262CA43C4887}.Debug|Any CPU.Build.0 = Debug|Any CPU
		{57508F66-B8D6-4EE9-868B-262CA43C4887}.Release|Any CPU.ActiveCfg = Release|Any CPU
		{57508F66-B8D6-4EE9-868B-262CA43C4887}.Release|Any CPU.Build.0 = Release|Any CPU
	EndGlobalSection
	GlobalSection(SolutionProperties) = preSolution
		HideSolutionNode = FALSE
	EndGlobalSection
	GlobalSection(ExtensibilityGlobals) = postSolution
		SolutionGuid = {8DE8A7DC-BC41-4849-A046-ED34986EED46}
	EndGlobalSection
EndGlobal
