
Microsoft Visual Studio Solution File, Format Version 12.00
# Visual Studio 15
VisualStudioVersion = 15.0.28307.271
MinimumVisualStudioVersion = 10.0.40219.1
Project("{FAE04EC0-301F-11D3-BF4B-00C04F79EFBC}") = "AppBot", "AppBot\AppBot.csproj", "{3BBFD5E6-AED3-4A85-B3F2-F73DCE08A5F3}"
EndProject
Global
	GlobalSection(SolutionConfigurationPlatforms) = preSolution
		Debug|Any CPU = Debug|Any CPU
		Release|Any CPU = Release|Any CPU
	EndGlobalSection
	GlobalSection(ProjectConfigurationPlatforms) = postSolution
		{3BBFD5E6-AED3-4A85-B3F2-F73DCE08A5F3}.Debug|Any CPU.ActiveCfg = Debug|Any CPU
		{3BBFD5E6-AED3-4A85-B3F2-F73DCE08A5F3}.Debug|Any CPU.Build.0 = Debug|Any CPU
		{3BBFD5E6-AED3-4A85-B3F2-F73DCE08A5F3}.Release|Any CPU.ActiveCfg = Release|Any CPU
		{3BBFD5E6-AED3-4A85-B3F2-F73DCE08A5F3}.Release|Any CPU.Build.0 = Release|Any CPU
	EndGlobalSection
	GlobalSection(SolutionProperties) = preSolution
		HideSolutionNode = FALSE
	EndGlobalSection
	GlobalSection(ExtensibilityGlobals) = postSolution
		SolutionGuid = {D2C4C23E-57B1-4928-ADBB-EF62777BBBF6}
	EndGlobalSection
EndGlobal
