
Microsoft Visual Studio Solution File, Format Version 12.00
# Visual Studio 15
VisualStudioVersion = 15.0.27703.2042
MinimumVisualStudioVersion = 10.0.40219.1
Project("{FAE04EC0-301F-11D3-BF4B-00C04F79EFBC}") = "GetSlidesFromODSC", "GetSlidesFromODSC\GetSlidesFromODSC.csproj", "{248DAD1F-3708-4630-8523-88AF49A22864}"
EndProject
Global
	GlobalSection(SolutionConfigurationPlatforms) = preSolution
		Debug|Any CPU = Debug|Any CPU
		Release|Any CPU = Release|Any CPU
	EndGlobalSection
	GlobalSection(ProjectConfigurationPlatforms) = postSolution
		{248DAD1F-3708-4630-8523-88AF49A22864}.Debug|Any CPU.ActiveCfg = Debug|Any CPU
		{248DAD1F-3708-4630-8523-88AF49A22864}.Debug|Any CPU.Build.0 = Debug|Any CPU
		{248DAD1F-3708-4630-8523-88AF49A22864}.Release|Any CPU.ActiveCfg = Release|Any CPU
		{248DAD1F-3708-4630-8523-88AF49A22864}.Release|Any CPU.Build.0 = Release|Any CPU
	EndGlobalSection
	GlobalSection(SolutionProperties) = preSolution
		HideSolutionNode = FALSE
	EndGlobalSection
	GlobalSection(ExtensibilityGlobals) = postSolution
		SolutionGuid = {715A8187-A006-452A-85EF-F2416E2C5879}
	EndGlobalSection
EndGlobal
